// !$*UTF8*$!
{
	archiveVersion = 1;
	classes = {
	};
	objectVersion = 46;
	objects = {

/* Begin PBXBuildFile section */
		7AFF2B331763A73B00390BE6 /* Foundation.framework in Frameworks */ = {isa = PBXBuildFile; fileRef = 7AFF2B321763A73B00390BE6 /* Foundation.framework */; };
		7AFF2B3A1763A73B00390BE6 /* Base64Encoder.m in Sources */ = {isa = PBXBuildFile; fileRef = 7AFF2B391763A73B00390BE6 /* Base64Encoder.m */; };
		7AFF2B421763A9FD00390BE6 /* UIKit.framework in Frameworks */ = {isa = PBXBuildFile; fileRef = 7AFF2B411763A9FD00390BE6 /* UIKit.framework */; };
		7AFF2B441763AA0900390BE6 /* CoreGraphics.framework in Frameworks */ = {isa = PBXBuildFile; fileRef = 7AFF2B431763AA0900390BE6 /* CoreGraphics.framework */; };
		7AFF2B471763AB8F00390BE6 /* NSData+Base64.m in Sources */ = {isa = PBXBuildFile; fileRef = 7AFF2B461763AB8F00390BE6 /* NSData+Base64.m */; };
/* End PBXBuildFile section */

/* Begin PBXFileReference section */
		7AFF2B2F1763A73B00390BE6 /* libBase64Encoder.a */ = {isa = PBXFileReference; explicitFileType = archive.ar; includeInIndex = 0; path = libBase64Encoder.a; sourceTree = BUILT_PRODUCTS_DIR; };
		7AFF2B321763A73B00390BE6 /* Foundation.framework */ = {isa = PBXFileReference; lastKnownFileType = wrapper.framework; name = Foundation.framework; path = System/Library/Frameworks/Foundation.framework; sourceTree = SDKROOT; };
		7AFF2B361763A73B00390BE6 /* Base64Encoder-Prefix.pch */ = {isa = PBXFileReference; lastKnownFileType = sourcecode.c.h; path = "Base64Encoder-Prefix.pch"; sourceTree = "<group>"; };
		7AFF2B371763A73B00390BE6 /* Base64Encoder.h */ = {isa = PBXFileReference; lastKnownFileType = sourcecode.c.h; path = Base64Encoder.h; sourceTree = "<group>"; };
		7AFF2B391763A73B00390BE6 /* Base64Encoder.m */ = {isa = PBXFileReference; lastKnownFileType = sourcecode.c.objc; path = Base64Encoder.m; sourceTree = "<group>"; };
		7AFF2B401763A76B00390BE6 /* FlashRuntimeExtensions.h */ = {isa = PBXFileReference; fileEncoding = 4; lastKnownFileType = sourcecode.c.h; path = FlashRuntimeExtensions.h; sourceTree = "<group>"; };
		7AFF2B411763A9FD00390BE6 /* UIKit.framework */ = {isa = PBXFileReference; lastKnownFileType = wrapper.framework; name = UIKit.framework; path = System/Library/Frameworks/UIKit.framework; sourceTree = SDKROOT; };
		7AFF2B431763AA0900390BE6 /* CoreGraphics.framework */ = {isa = PBXFileReference; lastKnownFileType = wrapper.framework; name = CoreGraphics.framework; path = System/Library/Frameworks/CoreGraphics.framework; sourceTree = SDKROOT; };
		7AFF2B451763AB8F00390BE6 /* NSData+Base64.h */ = {isa = PBXFileReference; fileEncoding = 4; lastKnownFileType = sourcecode.c.h; path = "NSData+Base64.h"; sourceTree = "<group>"; };
		7AFF2B461763AB8F00390BE6 /* NSData+Base64.m */ = {isa = PBXFileReference; fileEncoding = 4; lastKnownFileType = sourcecode.c.objc; path = "NSData+Base64.m"; sourceTree = "<group>"; };
/* End PBXFileReference section */

/* Begin PBXFrameworksBuildPhase section */
		7AFF2B2C1763A73B00390BE6 /* Frameworks */ = {
			isa = PBXFrameworksBuildPhase;
			buildActionMask = 2147483647;
			files = (
				7AFF2B441763AA0900390BE6 /* CoreGraphics.framework in Frameworks */,
				7AFF2B331763A73B00390BE6 /* Foundation.framework in Frameworks */,
				7AFF2B421763A9FD00390BE6 /* UIKit.framework in Frameworks */,
			);
			runOnlyForDeploymentPostprocessing = 0;
		};
/* End PBXFrameworksBuildPhase section */

/* Begin PBXGroup section */
		7AFF2B261763A73B00390BE6 = {
			isa = PBXGroup;
			children = (
				7AFF2B341763A73B00390BE6 /* Base64Encoder */,
				7AFF2B311763A73B00390BE6 /* Frameworks */,
				7AFF2B301763A73B00390BE6 /* Products */,
			);
			sourceTree = "<group>";
		};
		7AFF2B301763A73B00390BE6 /* Products */ = {
			isa = PBXGroup;
			children = (
				7AFF2B2F1763A73B00390BE6 /* libBase64Encoder.a */,
			);
			name = Products;
			sourceTree = "<group>";
		};
		7AFF2B311763A73B00390BE6 /* Frameworks */ = {
			isa = PBXGroup;
			children = (
				7AFF2B431763AA0900390BE6 /* CoreGraphics.framework */,
				7AFF2B411763A9FD00390BE6 /* UIKit.framework */,
				7AFF2B321763A73B00390BE6 /* Foundation.framework */,
			);
			name = Frameworks;
			sourceTree = "<group>";
		};
		7AFF2B341763A73B00390BE6 /* Base64Encoder */ = {
			isa = PBXGroup;
			children = (
				7AFF2B401763A76B00390BE6 /* FlashRuntimeExtensions.h */,
				7AFF2B371763A73B00390BE6 /* Base64Encoder.h */,
				7AFF2B391763A73B00390BE6 /* Base64Encoder.m */,
				7AFF2B451763AB8F00390BE6 /* NSData+Base64.h */,
				7AFF2B461763AB8F00390BE6 /* NSData+Base64.m */,
				7AFF2B351763A73B00390BE6 /* Supporting Files */,
			);
			path = Base64Encoder;
			sourceTree = "<group>";
		};
		7AFF2B351763A73B00390BE6 /* Supporting Files */ = {
			isa = PBXGroup;
			children = (
				7AFF2B361763A73B00390BE6 /* Base64Encoder-Prefix.pch */,
			);
			name = "Supporting Files";
			sourceTree = "<group>";
		};
/* End PBXGroup section */

/* Begin PBXNativeTarget section */
		7AFF2B2E1763A73B00390BE6 /* Base64Encoder */ = {
			isa = PBXNativeTarget;
			buildConfigurationList = 7AFF2B3D1763A73B00390BE6 /* Build configuration list for PBXNativeTarget "Base64Encoder" */;
			buildPhases = (
				7AFF2B2B1763A73B00390BE6 /* Sources */,
				7AFF2B2C1763A73B00390BE6 /* Frameworks */,
			);
			buildRules = (
			);
			dependencies = (
			);
			name = Base64Encoder;
			productName = Base64Encoder;
			productReference = 7AFF2B2F1763A73B00390BE6 /* libBase64Encoder.a */;
			productType = "com.apple.product-type.library.static";
		};
/* End PBXNativeTarget section */

/* Begin PBXProject section */
		7AFF2B271763A73B00390BE6 /* Project object */ = {
			isa = PBXProject;
			attributes = {
				LastUpgradeCheck = 0460;
				ORGANIZATIONNAME = "Daniel Fernández";
			};
			buildConfigurationList = 7AFF2B2A1763A73B00390BE6 /* Build configuration list for PBXProject "Base64Encoder" */;
			compatibilityVersion = "Xcode 3.2";
			developmentRegion = English;
			hasScannedForEncodings = 0;
			knownRegions = (
				en,
			);
			mainGroup = 7AFF2B261763A73B00390BE6;
			productRefGroup = 7AFF2B301763A73B00390BE6 /* Products */;
			projectDirPath = "";
			projectRoot = "";
			targets = (
				7AFF2B2E1763A73B00390BE6 /* Base64Encoder */,
			);
		};
/* End PBXProject section */

/* Begin PBXSourcesBuildPhase section */
		7AFF2B2B1763A73B00390BE6 /* Sources */ = {
			isa = PBXSourcesBuildPhase;
			buildActionMask = 2147483647;
			files = (
				7AFF2B3A1763A73B00390BE6 /* Base64Encoder.m in Sources */,
				7AFF2B471763AB8F00390BE6 /* NSData+Base64.m in Sources */,
			);
			runOnlyForDeploymentPostprocessing = 0;
		};
/* End PBXSourcesBuildPhase section */

/* Begin XCBuildConfiguration section */
		7AFF2B3B1763A73B00390BE6 /* Debug */ = {
			isa = XCBuildConfiguration;
			buildSettings = {
				ALWAYS_SEARCH_USER_PATHS = NO;
				CLANG_CXX_LANGUAGE_STANDARD = "gnu++0x";
				CLANG_CXX_LIBRARY = "libc++";
				CLANG_ENABLE_OBJC_ARC = YES;
				CLANG_WARN_CONSTANT_CONVERSION = YES;
				CLANG_WARN_EMPTY_BODY = YES;
				CLANG_WARN_ENUM_CONVERSION = YES;
				CLANG_WARN_INT_CONVERSION = YES;
				CLANG_WARN__DUPLICATE_METHOD_MATCH = YES;
				COPY_PHASE_STRIP = NO;
				GCC_C_LANGUAGE_STANDARD = gnu99;
				GCC_DYNAMIC_NO_PIC = NO;
				GCC_OPTIMIZATION_LEVEL = 0;
				GCC_PREPROCESSOR_DEFINITIONS = (
					"DEBUG=1",
					"$(inherited)",
				);
				GCC_SYMBOLS_PRIVATE_EXTERN = NO;
				GCC_WARN_ABOUT_RETURN_TYPE = YES;
				GCC_WARN_UNINITIALIZED_AUTOS = YES;
				GCC_WARN_UNUSED_VARIABLE = YES;
				IPHONEOS_DEPLOYMENT_TARGET = 6.1;
				ONLY_ACTIVE_ARCH = YES;
				SDKROOT = iphoneos;
			};
			name = Debug;
		};
		7AFF2B3C1763A73B00390BE6 /* Release */ = {
			isa = XCBuildConfiguration;
			buildSettings = {
				ALWAYS_SEARCH_USER_PATHS = NO;
				CLANG_CXX_LANGUAGE_STANDARD = "gnu++0x";
				CLANG_CXX_LIBRARY = "libc++";
				CLANG_ENABLE_OBJC_ARC = YES;
				CLANG_WARN_CONSTANT_CONVERSION = YES;
				CLANG_WARN_EMPTY_BODY = YES;
				CLANG_WARN_ENUM_CONVERSION = YES;
				CLANG_WARN_INT_CONVERSION = YES;
				CLANG_WARN__DUPLICATE_METHOD_MATCH = YES;
				COPY_PHASE_STRIP = YES;
				GCC_C_LANGUAGE_STANDARD = gnu99;
				GCC_WARN_ABOUT_RETURN_TYPE = YES;
				GCC_WARN_UNINITIALIZED_AUTOS = YES;
				GCC_WARN_UNUSED_VARIABLE = YES;
				IPHONEOS_DEPLOYMENT_TARGET = 6.1;
				SDKROOT = iphoneos;
				VALIDATE_PRODUCT = YES;
			};
			name = Release;
		};
		7AFF2B3E1763A73B00390BE6 /* Debug */ = {
			isa = XCBuildConfiguration;
			buildSettings = {
				CONFIGURATION_BUILD_DIR = .;
				DSTROOT = /tmp/Base64Encoder.dst;
				GCC_PRECOMPILE_PREFIX_HEADER = YES;
				GCC_PREFIX_HEADER = "Base64Encoder/Base64Encoder-Prefix.pch";
				OTHER_LDFLAGS = "-ObjC";
				PRODUCT_NAME = "$(TARGET_NAME)";
				SKIP_INSTALL = YES;
			};
			name = Debug;
		};
		7AFF2B3F1763A73B00390BE6 /* Release */ = {
			isa = XCBuildConfiguration;
			buildSettings = {
				CONFIGURATION_BUILD_DIR = .;
				DSTROOT = /tmp/Base64Encoder.dst;
				GCC_PRECOMPILE_PREFIX_HEADER = YES;
				GCC_PREFIX_HEADER = "Base64Encoder/Base64Encoder-Prefix.pch";
				OTHER_LDFLAGS = "-ObjC";
				PRODUCT_NAME = "$(TARGET_NAME)";
				SKIP_INSTALL = YES;
			};
			name = Release;
		};
/* End XCBuildConfiguration section */

/* Begin XCConfigurationList section */
		7AFF2B2A1763A73B00390BE6 /* Build configuration list for PBXProject "Base64Encoder" */ = {
			isa = XCConfigurationList;
			buildConfigurations = (
				7AFF2B3B1763A73B00390BE6 /* Debug */,
				7AFF2B3C1763A73B00390BE6 /* Release */,
			);
			defaultConfigurationIsVisible = 0;
			defaultConfigurationName = Release;
		};
		7AFF2B3D1763A73B00390BE6 /* Build configuration list for PBXNativeTarget "Base64Encoder" */ = {
			isa = XCConfigurationList;
			buildConfigurations = (
				7AFF2B3E1763A73B00390BE6 /* Debug */,
				7AFF2B3F1763A73B00390BE6 /* Release */,
			);
			defaultConfigurationIsVisible = 0;
			defaultConfigurationName = Release;
		};
/* End XCConfigurationList section */
	};
	rootObject = 7AFF2B271763A73B00390BE6 /* Project object */;
}
