// !$*UTF8*$!
{
	archiveVersion = 1;
	classes = {
	};
	objectVersion = 46;
	objects = {

/* Begin PBXAggregateTarget section */
		7A8B52E018D2ADB30064A666 /* Universal */ = {
			isa = PBXAggregateTarget;
			buildConfigurationList = 7A8B52E118D2ADB40064A666 /* Build configuration list for PBXAggregateTarget "Universal" */;
			buildPhases = (
				7A8B52E418D2AE190064A666 /* ShellScript */,
			);
			dependencies = (
			);
			name = Universal;
			productName = Universal;
		};
/* End PBXAggregateTarget section */

/* Begin PBXBuildFile section */
		7A8B52B718D2AD640064A666 /* Foundation.framework in Frameworks */ = {isa = PBXBuildFile; fileRef = 7A8B52B618D2AD640064A666 /* Foundation.framework */; };
		7A8B52BE18D2AD640064A666 /* AirBase64.m in Sources */ = {isa = PBXBuildFile; fileRef = 7A8B52BD18D2AD640064A666 /* AirBase64.m */; };
		7A8B52DF18D2AD990064A666 /* NSData+Base64.m in Sources */ = {isa = PBXBuildFile; fileRef = 7A8B52DE18D2AD990064A666 /* NSData+Base64.m */; };
/* End PBXBuildFile section */

/* Begin PBXFileReference section */
		7A8B52B318D2AD640064A666 /* libAirBase64.a */ = {isa = PBXFileReference; explicitFileType = archive.ar; includeInIndex = 0; path = libAirBase64.a; sourceTree = BUILT_PRODUCTS_DIR; };
		7A8B52B618D2AD640064A666 /* Foundation.framework */ = {isa = PBXFileReference; lastKnownFileType = wrapper.framework; name = Foundation.framework; path = System/Library/Frameworks/Foundation.framework; sourceTree = SDKROOT; };
		7A8B52BA18D2AD640064A666 /* AirBase64-Prefix.pch */ = {isa = PBXFileReference; lastKnownFileType = sourcecode.c.h; path = "AirBase64-Prefix.pch"; sourceTree = "<group>"; };
		7A8B52BB18D2AD640064A666 /* AirBase64.h */ = {isa = PBXFileReference; lastKnownFileType = sourcecode.c.h; path = AirBase64.h; sourceTree = "<group>"; };
		7A8B52BD18D2AD640064A666 /* AirBase64.m */ = {isa = PBXFileReference; lastKnownFileType = sourcecode.c.objc; path = AirBase64.m; sourceTree = "<group>"; };
		7A8B52C418D2AD640064A666 /* XCTest.framework */ = {isa = PBXFileReference; lastKnownFileType = wrapper.framework; name = XCTest.framework; path = Library/Frameworks/XCTest.framework; sourceTree = DEVELOPER_DIR; };
		7A8B52C718D2AD640064A666 /* UIKit.framework */ = {isa = PBXFileReference; lastKnownFileType = wrapper.framework; name = UIKit.framework; path = Library/Frameworks/UIKit.framework; sourceTree = DEVELOPER_DIR; };
		7A8B52CE18D2AD640064A666 /* AirBase64Tests-Info.plist */ = {isa = PBXFileReference; lastKnownFileType = text.plist.xml; path = "AirBase64Tests-Info.plist"; sourceTree = "<group>"; };
		7A8B52D018D2AD640064A666 /* en */ = {isa = PBXFileReference; lastKnownFileType = text.plist.strings; name = en; path = en.lproj/InfoPlist.strings; sourceTree = "<group>"; };
		7A8B52D218D2AD640064A666 /* AirBase64Tests.m */ = {isa = PBXFileReference; lastKnownFileType = sourcecode.c.objc; path = AirBase64Tests.m; sourceTree = "<group>"; };
		7A8B52DC18D2AD990064A666 /* FlashRuntimeExtensions.h */ = {isa = PBXFileReference; fileEncoding = 4; lastKnownFileType = sourcecode.c.h; path = FlashRuntimeExtensions.h; sourceTree = "<group>"; };
		7A8B52DD18D2AD990064A666 /* NSData+Base64.h */ = {isa = PBXFileReference; fileEncoding = 4; lastKnownFileType = sourcecode.c.h; path = "NSData+Base64.h"; sourceTree = "<group>"; };
		7A8B52DE18D2AD990064A666 /* NSData+Base64.m */ = {isa = PBXFileReference; fileEncoding = 4; lastKnownFileType = sourcecode.c.objc; path = "NSData+Base64.m"; sourceTree = "<group>"; };
/* End PBXFileReference section */

/* Begin PBXFrameworksBuildPhase section */
		7A8B52B018D2AD640064A666 /* Frameworks */ = {
			isa = PBXFrameworksBuildPhase;
			buildActionMask = 2147483647;
			files = (
				7A8B52B718D2AD640064A666 /* Foundation.framework in Frameworks */,
			);
			runOnlyForDeploymentPostprocessing = 0;
		};
/* End PBXFrameworksBuildPhase section */

/* Begin PBXGroup section */
		7A8B52AA18D2AD630064A666 = {
			isa = PBXGroup;
			children = (
				7A8B52B818D2AD640064A666 /* AirBase64 */,
				7A8B52CC18D2AD640064A666 /* AirBase64Tests */,
				7A8B52B518D2AD640064A666 /* Frameworks */,
				7A8B52B418D2AD640064A666 /* Products */,
			);
			sourceTree = "<group>";
		};
		7A8B52B418D2AD640064A666 /* Products */ = {
			isa = PBXGroup;
			children = (
				7A8B52B318D2AD640064A666 /* libAirBase64.a */,
			);
			name = Products;
			sourceTree = "<group>";
		};
		7A8B52B518D2AD640064A666 /* Frameworks */ = {
			isa = PBXGroup;
			children = (
				7A8B52B618D2AD640064A666 /* Foundation.framework */,
				7A8B52C418D2AD640064A666 /* XCTest.framework */,
				7A8B52C718D2AD640064A666 /* UIKit.framework */,
			);
			name = Frameworks;
			sourceTree = "<group>";
		};
		7A8B52B818D2AD640064A666 /* AirBase64 */ = {
			isa = PBXGroup;
			children = (
				7A8B52BB18D2AD640064A666 /* AirBase64.h */,
				7A8B52BD18D2AD640064A666 /* AirBase64.m */,
				7A8B52DC18D2AD990064A666 /* FlashRuntimeExtensions.h */,
				7A8B52DD18D2AD990064A666 /* NSData+Base64.h */,
				7A8B52DE18D2AD990064A666 /* NSData+Base64.m */,
				7A8B52B918D2AD640064A666 /* Supporting Files */,
			);
			path = AirBase64;
			sourceTree = "<group>";
		};
		7A8B52B918D2AD640064A666 /* Supporting Files */ = {
			isa = PBXGroup;
			children = (
				7A8B52BA18D2AD640064A666 /* AirBase64-Prefix.pch */,
			);
			name = "Supporting Files";
			sourceTree = "<group>";
		};
		7A8B52CC18D2AD640064A666 /* AirBase64Tests */ = {
			isa = PBXGroup;
			children = (
				7A8B52D218D2AD640064A666 /* AirBase64Tests.m */,
				7A8B52CD18D2AD640064A666 /* Supporting Files */,
			);
			path = AirBase64Tests;
			sourceTree = "<group>";
		};
		7A8B52CD18D2AD640064A666 /* Supporting Files */ = {
			isa = PBXGroup;
			children = (
				7A8B52CE18D2AD640064A666 /* AirBase64Tests-Info.plist */,
				7A8B52CF18D2AD640064A666 /* InfoPlist.strings */,
			);
			name = "Supporting Files";
			sourceTree = "<group>";
		};
/* End PBXGroup section */

/* Begin PBXNativeTarget section */
		7A8B52B218D2AD640064A666 /* AirBase64 */ = {
			isa = PBXNativeTarget;
			buildConfigurationList = 7A8B52D618D2AD640064A666 /* Build configuration list for PBXNativeTarget "AirBase64" */;
			buildPhases = (
				7A8B52AF18D2AD640064A666 /* Sources */,
				7A8B52B018D2AD640064A666 /* Frameworks */,
			);
			buildRules = (
			);
			dependencies = (
			);
			name = AirBase64;
			productName = AirBase64;
			productReference = 7A8B52B318D2AD640064A666 /* libAirBase64.a */;
			productType = "com.apple.product-type.library.static";
		};
/* End PBXNativeTarget section */

/* Begin PBXProject section */
		7A8B52AB18D2AD630064A666 /* Project object */ = {
			isa = PBXProject;
			attributes = {
				LastUpgradeCheck = 0500;
				ORGANIZATIONNAME = "Daniel Fernández";
			};
			buildConfigurationList = 7A8B52AE18D2AD630064A666 /* Build configuration list for PBXProject "AirBase64" */;
			compatibilityVersion = "Xcode 3.2";
			developmentRegion = English;
			hasScannedForEncodings = 0;
			knownRegions = (
				en,
			);
			mainGroup = 7A8B52AA18D2AD630064A666;
			productRefGroup = 7A8B52B418D2AD640064A666 /* Products */;
			projectDirPath = "";
			projectRoot = "";
			targets = (
				7A8B52B218D2AD640064A666 /* AirBase64 */,
				7A8B52E018D2ADB30064A666 /* Universal */,
			);
		};
/* End PBXProject section */

/* Begin PBXShellScriptBuildPhase section */
		7A8B52E418D2AE190064A666 /* ShellScript */ = {
			isa = PBXShellScriptBuildPhase;
			buildActionMask = 2147483647;
			files = (
			);
			inputPaths = (
			);
			outputPaths = (
			);
			runOnlyForDeploymentPostprocessing = 0;
			shellPath = /bin/sh;
			shellScript = "# Step 1. Build Device and Simulator versions\nxcodebuild -target ${PROJECT_NAME} ONLY_ACTIVE_ARCH=NO -configuration ${CONFIGURATION} -sdk iphoneos  BUILD_DIR=\"${BUILD_DIR}/${CONFIGURATION}-iphoneos\" BUILD_ROOT=\"${BUILD_ROOT}\"\nxcodebuild -target ${PROJECT_NAME} -configuration ${CONFIGURATION} -sdk iphonesimulator -arch i386 BUILD_DIR=\"${BUILD_DIR}/${CONFIGURATION}-iphonesimulator\" BUILD_ROOT=\"${BUILD_ROOT}\"\n\n# Step 2. Create universal binary file using lipo\nlipo -create -output \"lib${PROJECT_NAME}.a\" \"${BUILD_DIR}/${CONFIGURATION}-iphoneos/lib${PROJECT_NAME}.a\" \"${BUILD_DIR}/${CONFIGURATION}-iphonesimulator/lib${PROJECT_NAME}.a\"";
		};
/* End PBXShellScriptBuildPhase section */

/* Begin PBXSourcesBuildPhase section */
		7A8B52AF18D2AD640064A666 /* Sources */ = {
			isa = PBXSourcesBuildPhase;
			buildActionMask = 2147483647;
			files = (
				7A8B52BE18D2AD640064A666 /* AirBase64.m in Sources */,
				7A8B52DF18D2AD990064A666 /* NSData+Base64.m in Sources */,
			);
			runOnlyForDeploymentPostprocessing = 0;
		};
/* End PBXSourcesBuildPhase section */

/* Begin PBXVariantGroup section */
		7A8B52CF18D2AD640064A666 /* InfoPlist.strings */ = {
			isa = PBXVariantGroup;
			children = (
				7A8B52D018D2AD640064A666 /* en */,
			);
			name = InfoPlist.strings;
			sourceTree = "<group>";
		};
/* End PBXVariantGroup section */

/* Begin XCBuildConfiguration section */
		7A8B52D418D2AD640064A666 /* Debug */ = {
			isa = XCBuildConfiguration;
			buildSettings = {
				ALWAYS_SEARCH_USER_PATHS = NO;
				ARCHS = "$(ARCHS_STANDARD)";
				CLANG_CXX_LANGUAGE_STANDARD = "gnu++0x";
				CLANG_CXX_LIBRARY = "libc++";
				CLANG_ENABLE_MODULES = YES;
				CLANG_ENABLE_OBJC_ARC = YES;
				CLANG_WARN_BOOL_CONVERSION = YES;
				CLANG_WARN_CONSTANT_CONVERSION = YES;
				CLANG_WARN_DIRECT_OBJC_ISA_USAGE = YES_ERROR;
				CLANG_WARN_EMPTY_BODY = YES;
				CLANG_WARN_ENUM_CONVERSION = YES;
				CLANG_WARN_INT_CONVERSION = YES;
				CLANG_WARN_OBJC_ROOT_CLASS = YES_ERROR;
				CLANG_WARN__DUPLICATE_METHOD_MATCH = YES;
				CONFIGURATION_BUILD_DIR = "${BUILD_DIR}";
				COPY_PHASE_STRIP = NO;
				GCC_C_LANGUAGE_STANDARD = gnu99;
				GCC_DYNAMIC_NO_PIC = NO;
				GCC_OPTIMIZATION_LEVEL = 0;
				GCC_PREPROCESSOR_DEFINITIONS = (
					"DEBUG=1",
					"$(inherited)",
				);
				GCC_SYMBOLS_PRIVATE_EXTERN = NO;
				GCC_WARN_64_TO_32_BIT_CONVERSION = YES;
				GCC_WARN_ABOUT_RETURN_TYPE = YES_ERROR;
				GCC_WARN_UNDECLARED_SELECTOR = YES;
				GCC_WARN_UNINITIALIZED_AUTOS = YES;
				GCC_WARN_UNUSED_FUNCTION = YES;
				GCC_WARN_UNUSED_VARIABLE = YES;
				IPHONEOS_DEPLOYMENT_TARGET = 5.0;
				ONLY_ACTIVE_ARCH = YES;
				SDKROOT = iphoneos;
			};
			name = Debug;
		};
		7A8B52D518D2AD640064A666 /* Release */ = {
			isa = XCBuildConfiguration;
			buildSettings = {
				ALWAYS_SEARCH_USER_PATHS = NO;
				ARCHS = "$(ARCHS_STANDARD)";
				CLANG_CXX_LANGUAGE_STANDARD = "gnu++0x";
				CLANG_CXX_LIBRARY = "libc++";
				CLANG_ENABLE_MODULES = YES;
				CLANG_ENABLE_OBJC_ARC = YES;
				CLANG_WARN_BOOL_CONVERSION = YES;
				CLANG_WARN_CONSTANT_CONVERSION = YES;
				CLANG_WARN_DIRECT_OBJC_ISA_USAGE = YES_ERROR;
				CLANG_WARN_EMPTY_BODY = YES;
				CLANG_WARN_ENUM_CONVERSION = YES;
				CLANG_WARN_INT_CONVERSION = YES;
				CLANG_WARN_OBJC_ROOT_CLASS = YES_ERROR;
				CLANG_WARN__DUPLICATE_METHOD_MATCH = YES;
				CONFIGURATION_BUILD_DIR = "${BUILD_DIR}";
				COPY_PHASE_STRIP = YES;
				ENABLE_NS_ASSERTIONS = NO;
				GCC_C_LANGUAGE_STANDARD = gnu99;
				GCC_WARN_64_TO_32_BIT_CONVERSION = YES;
				GCC_WARN_ABOUT_RETURN_TYPE = YES_ERROR;
				GCC_WARN_UNDECLARED_SELECTOR = YES;
				GCC_WARN_UNINITIALIZED_AUTOS = YES;
				GCC_WARN_UNUSED_FUNCTION = YES;
				GCC_WARN_UNUSED_VARIABLE = YES;
				IPHONEOS_DEPLOYMENT_TARGET = 5.0;
				ONLY_ACTIVE_ARCH = YES;
				SDKROOT = iphoneos;
				VALIDATE_PRODUCT = YES;
			};
			name = Release;
		};
		7A8B52D718D2AD640064A666 /* Debug */ = {
			isa = XCBuildConfiguration;
			buildSettings = {
				DSTROOT = /tmp/AirBase64.dst;
				GCC_PRECOMPILE_PREFIX_HEADER = YES;
				GCC_PREFIX_HEADER = "AirBase64/AirBase64-Prefix.pch";
				OTHER_LDFLAGS = "-ObjC";
				PRODUCT_NAME = "$(TARGET_NAME)";
				SKIP_INSTALL = YES;
			};
			name = Debug;
		};
		7A8B52D818D2AD640064A666 /* Release */ = {
			isa = XCBuildConfiguration;
			buildSettings = {
				DSTROOT = /tmp/AirBase64.dst;
				GCC_PRECOMPILE_PREFIX_HEADER = YES;
				GCC_PREFIX_HEADER = "AirBase64/AirBase64-Prefix.pch";
				OTHER_LDFLAGS = "-ObjC";
				PRODUCT_NAME = "$(TARGET_NAME)";
				SKIP_INSTALL = YES;
			};
			name = Release;
		};
		7A8B52E218D2ADB40064A666 /* Debug */ = {
			isa = XCBuildConfiguration;
			buildSettings = {
				PRODUCT_NAME = "$(TARGET_NAME)";
			};
			name = Debug;
		};
		7A8B52E318D2ADB40064A666 /* Release */ = {
			isa = XCBuildConfiguration;
			buildSettings = {
				PRODUCT_NAME = "$(TARGET_NAME)";
			};
			name = Release;
		};
/* End XCBuildConfiguration section */

/* Begin XCConfigurationList section */
		7A8B52AE18D2AD630064A666 /* Build configuration list for PBXProject "AirBase64" */ = {
			isa = XCConfigurationList;
			buildConfigurations = (
				7A8B52D418D2AD640064A666 /* Debug */,
				7A8B52D518D2AD640064A666 /* Release */,
			);
			defaultConfigurationIsVisible = 0;
			defaultConfigurationName = Release;
		};
		7A8B52D618D2AD640064A666 /* Build configuration list for PBXNativeTarget "AirBase64" */ = {
			isa = XCConfigurationList;
			buildConfigurations = (
				7A8B52D718D2AD640064A666 /* Debug */,
				7A8B52D818D2AD640064A666 /* Release */,
			);
			defaultConfigurationIsVisible = 0;
			defaultConfigurationName = Release;
		};
		7A8B52E118D2ADB40064A666 /* Build configuration list for PBXAggregateTarget "Universal" */ = {
			isa = XCConfigurationList;
			buildConfigurations = (
				7A8B52E218D2ADB40064A666 /* Debug */,
				7A8B52E318D2ADB40064A666 /* Release */,
			);
			defaultConfigurationIsVisible = 0;
			defaultConfigurationName = Release;
		};
/* End XCConfigurationList section */
	};
	rootObject = 7A8B52AB18D2AD630064A666 /* Project object */;
}
